<?xml version="1.0" encoding="utf-8"?>
<Project ToolsVersion="4.0" xmlns="http://schemas.microsoft.com/developer/msbuild/2003">
  <ItemGroup>
    <Filter Include="sdk">
      <UniqueIdentifier>{c9b3a16f-d44c-4de2-b2a3-b0b2bbbf48f3}</UniqueIdentifier>
    </Filter>
    <Filter Include="sdk\classes">
      <UniqueIdentifier>{ab6ee54a-51b4-4907-af79-c614888de0de}</UniqueIdentifier>
    </Filter>
    <Filter Include="sdk\helpers">
      <UniqueIdentifier>{6701b1ae-6870-4e13-9684-63164f8aa6e6}</UniqueIdentifier>
    </Filter>
    <Filter Include="sdk\math">
      <UniqueIdentifier>{a42b14bb-c064-4bc4-ab30-157879b35527}</UniqueIdentifier>
    </Filter>
    <Filter Include="sdk\interfaces">
      <UniqueIdentifier>{8d35a5ef-b844-4ff8-8b99-3815d6963d7d}</UniqueIdentifier>
    </Filter>
    <Filter Include="sdk\hooking">
      <UniqueIdentifier>{f6cf6b5b-aaec-4cea-b32e-5971754be6d6}</UniqueIdentifier>
    </Filter>
    <Filter Include="sdk\hooking\minhook">
      <UniqueIdentifier>{867b9848-d467-4fc1-8268-f004853a419f}</UniqueIdentifier>
    </Filter>
    <Filter Include="sdk\hooking\minhook\hde">
      <UniqueIdentifier>{73f3fb94-f2b9-4e53-8320-b9851a791cf6}</UniqueIdentifier>
    </Filter>
    <Filter Include="hooks">
      <UniqueIdentifier>{e018ee6c-82f7-4e7a-a0f9-372b266f6aa5}</UniqueIdentifier>
    </Filter>
    <Filter Include="hooks\functions">
      <UniqueIdentifier>{dd4269f1-5a17-49f6-9072-032ced46c8d6}</UniqueIdentifier>
    </Filter>
    <Filter Include="thirdparty">
      <UniqueIdentifier>{d7c987c8-d617-4171-8743-daca1b52155b}</UniqueIdentifier>
    </Filter>
    <Filter Include="thirdparty\imgui">
      <UniqueIdentifier>{7b9e56cf-4065-4cb3-9b93-8c170f6ccab3}</UniqueIdentifier>
    </Filter>
    <Filter Include="menu">
      <UniqueIdentifier>{1835228c-b970-45fa-9e0b-5a632923ed12}</UniqueIdentifier>
    </Filter>
    <Filter Include="settings">
      <UniqueIdentifier>{198305ad-65c6-4b18-86a7-7d20d90c2f36}</UniqueIdentifier>
    </Filter>
    <Filter Include="features">
      <UniqueIdentifier>{62bb06ff-4390-4d59-9174-b7b2e2480838}</UniqueIdentifier>
    </Filter>
  </ItemGroup>
  <ItemGroup>
    <ClInclude Include="sdk\interfaces\GameEntitySystem.h">
      <Filter>sdk\interfaces</Filter>
    </ClInclude>
    <ClInclude Include="sdk\interfaces\IMemAlloc.h">
      <Filter>sdk\interfaces</Filter>
    </ClInclude>
    <ClInclude Include="sdk\interfaces\SchemaSystem.h">
      <Filter>sdk\interfaces</Filter>
    </ClInclude>
    <ClInclude Include="sdk\interfaces\IVEngineClient.h">
      <Filter>sdk\interfaces</Filter>
    </ClInclude>
    <ClInclude Include="sdk\interfaces\CGameResourceService.h">
      <Filter>sdk\interfaces</Filter>
    </ClInclude>
    <ClInclude Include="sdk\classes\CBaseEntity.h">
      <Filter>sdk\classes</Filter>
    </ClInclude>
    <ClInclude Include="sdk\sdk.h">
      <Filter>sdk</Filter>
    </ClInclude>
    <ClInclude Include="sdk\helpers\netvars.h">
      <Filter>sdk\helpers</Filter>
    </ClInclude>
    <ClInclude Include="sdk\helpers\console.h">
      <Filter>sdk\helpers</Filter>
    </ClInclude>
    <ClInclude Include="sdk\helpers\CUtlSymbolLarge.hpp">
      <Filter>sdk\helpers</Filter>
    </ClInclude>
    <ClInclude Include="sdk\helpers\dynamic_module.h">
      <Filter>sdk\helpers</Filter>
    </ClInclude>
    <ClInclude Include="sdk\helpers\fnv.h">
      <Filter>sdk\helpers</Filter>
    </ClInclude>
    <ClInclude Include="sdk\helpers\importer.h">
      <Filter>sdk\helpers</Filter>
    </ClInclude>
    <ClInclude Include="sdk\helpers\vfunc.h">
      <Filter>sdk\helpers</Filter>
    </ClInclude>
    <ClInclude Include="sdk\classes\CBasePlayerWeapon.h">
      <Filter>sdk\classes</Filter>
    </ClInclude>
    <ClInclude Include="sdk\classes\CCSGameRulesProxy.h">
      <Filter>sdk\classes</Filter>
    </ClInclude>
    <ClInclude Include="sdk\classes\CEntityIdentity.h">
      <Filter>sdk\classes</Filter>
    </ClInclude>
    <ClInclude Include="sdk\classes\CEntityInstance.h">
      <Filter>sdk\classes</Filter>
    </ClInclude>
    <ClInclude Include="sdk\classes\CGameSceneNode.h">
      <Filter>sdk\classes</Filter>
    </ClInclude>
    <ClInclude Include="sdk\classes\CPlayerWeaponServices.h">
      <Filter>sdk\classes</Filter>
    </ClInclude>
    <ClInclude Include="hooks\hooks.h">
      <Filter>hooks</Filter>
    </ClInclude>
    <ClInclude Include="sdk\math\Vector.h">
      <Filter>sdk\math</Filter>
    </ClInclude>
    <ClInclude Include="sdk\classes\CHandle.h">
      <Filter>sdk\classes</Filter>
    </ClInclude>
    <ClInclude Include="sdk\helpers\modules.h">
      <Filter>sdk\helpers</Filter>
    </ClInclude>
    <ClInclude Include="sdk\interfaces\CSGOInput.h">
      <Filter>sdk\interfaces</Filter>
    </ClInclude>
    <ClInclude Include="sdk\math\Viewmatrix.h">
      <Filter>sdk\math</Filter>
    </ClInclude>
    <ClInclude Include="thirdparty\ImGui\imconfig.h">
      <Filter>thirdparty\imgui</Filter>
    </ClInclude>
    <ClInclude Include="thirdparty\ImGui\imgui.h">
      <Filter>thirdparty\imgui</Filter>
    </ClInclude>
    <ClInclude Include="thirdparty\ImGui\backends\imgui_impl_dx11.h">
      <Filter>thirdparty\imgui</Filter>
    </ClInclude>
    <ClInclude Include="thirdparty\ImGui\backends\imgui_impl_win32.h">
      <Filter>thirdparty\imgui</Filter>
    </ClInclude>
    <ClInclude Include="thirdparty\ImGui\imgui_internal.h">
      <Filter>thirdparty\imgui</Filter>
    </ClInclude>
    <ClInclude Include="thirdparty\ImGui\imstb_rectpack.h">
      <Filter>thirdparty\imgui</Filter>
    </ClInclude>
    <ClInclude Include="thirdparty\ImGui\imstb_textedit.h">
      <Filter>thirdparty\imgui</Filter>
    </ClInclude>
    <ClInclude Include="thirdparty\ImGui\imstb_truetype.h">
      <Filter>thirdparty\imgui</Filter>
    </ClInclude>
    <ClInclude Include="settings\settings.h">
      <Filter>settings</Filter>
    </ClInclude>
    <ClInclude Include="sdk\helpers\entity_data.h">
      <Filter>sdk\helpers</Filter>
    </ClInclude>
    <ClInclude Include="sdk\classes\CBoneSystem.h">
      <Filter>sdk\classes</Filter>
    </ClInclude>
    <ClInclude Include="sdk\helpers\BitFlag.h">
      <Filter>sdk\helpers</Filter>
    </ClInclude>
    <ClInclude Include="sdk\classes\CPlayerCameraServices.h">
      <Filter>sdk\classes</Filter>
    </ClInclude>
    <ClInclude Include="sdk\classes\CCSPlayerController.h">
      <Filter>sdk\classes</Filter>
    </ClInclude>
    <ClInclude Include="sdk\classes\CPlayerGlowProperty.h">
      <Filter>sdk\classes</Filter>
    </ClInclude>
    <ClInclude Include="sdk\classes\CPlayerMoneyServices.h">
      <Filter>sdk\classes</Filter>
    </ClInclude>
    <ClInclude Include="sdk\classes\CSkeletonInstance.h">
      <Filter>sdk\classes</Filter>
    </ClInclude>
    <ClInclude Include="sdk\classes\CStrongHandle.h">
      <Filter>sdk\classes</Filter>
    </ClInclude>
    <ClInclude Include="features\features.h">
      <Filter>features</Filter>
    </ClInclude>
    <ClInclude Include="sdk\helpers\globals.h" />
    <ClInclude Include="sdk\classes\CCSPlayerPawn.h" />
    <ClInclude Include="sdk\helpers\matrix.h" />
    <ClInclude Include="sdk\math\Transform.h" />
    <ClInclude Include="sdk\helpers\Hitbox_t.h" />
    <ClInclude Include="sdk\helpers\BBox_t.h" />
    <ClInclude Include="sdk\interfaces\CSource2Client.h" />
    <ClInclude Include="sdk\math\QAngle.h" />
    <ClInclude Include="sdk\helpers\render.h" />
    <ClInclude Include="sdk\hooking\shadow_vmt\ShadowVMT.h" />
    <ClInclude Include="sdk\helpers\CBufferString.h" />
    <ClInclude Include="sdk\helpers\CInterlockedInt.h" />
    <ClInclude Include="sdk\helpers\CThreadMutex.h" />
    <ClInclude Include="sdk\helpers\CThreadSpinMutex.h" />
    <ClInclude Include="sdk\helpers\CThreadSpinRWLock.h" />
    <ClInclude Include="sdk\helpers\CTSList.h" />
    <ClInclude Include="sdk\helpers\CUtlMap.h" />
    <ClInclude Include="sdk\helpers\CUtlMemory.h" />
    <ClInclude Include="sdk\helpers\CUtlMemoryPoolBase.h" />
    <ClInclude Include="sdk\helpers\CUtlRBTree.h" />
    <ClInclude Include="sdk\helpers\CUtlString.h" />
    <ClInclude Include="sdk\helpers\CUtlTSHash.h" />
    <ClInclude Include="sdk\math\math.h" />
    <ClInclude Include="sdk\helpers\interfaces.h" />
    <ClInclude Include="sdk\helpers\CUtlVector.h" />
    <ClInclude Include="sdk\interfaces\CInputSystem.h" />
    <ClInclude Include="sdk\hooking\safetyhook\safetyhook.hpp" />
    <ClInclude Include="sdk\hooking\safetyhook\Zydis.h" />
    <ClInclude Include="sdk\interfaces\CGameTrace.h" />
    <ClInclude Include="sdk\helpers\notify_system.h" />
    <ClInclude Include="render\menu.h" />
    <ClInclude Include="render\imgui_custom.h" />
    <ClInclude Include="render\render.h" />
    <ClInclude Include="render\fonts\droidsans.hpp" />
    <ClInclude Include="render\fonts\undefeated.hpp" />
    <ClInclude Include="thirdparty\ImGui\imgui_freetype.h" />
  </ItemGroup>
  <ItemGroup>
    <ClCompile Include="sdk\classes\CBaseEntity.cpp">
      <Filter>sdk\classes</Filter>
    </ClCompile>
    <ClCompile Include="sdk\sdk.cpp">
      <Filter>sdk</Filter>
    </ClCompile>
    <ClCompile Include="sdk\helpers\netvars.cpp">
      <Filter>sdk\helpers</Filter>
    </ClCompile>
    <ClCompile Include="sdk\helpers\dynamic_module.cpp">
      <Filter>sdk\helpers</Filter>
    </ClCompile>
    <ClCompile Include="sdk\helpers\console.cpp">
      <Filter>sdk\helpers</Filter>
    </ClCompile>
    <ClCompile Include="sdk\classes\CBasePlayerWeapon.cpp">
      <Filter>sdk\classes</Filter>
    </ClCompile>
    <ClCompile Include="hooks\functions\OnAddEntity.cpp">
      <Filter>hooks\functions</Filter>
    </ClCompile>
    <ClCompile Include="hooks\hooks.cpp">
      <Filter>hooks</Filter>
    </ClCompile>
    <ClCompile Include="sdk\math\Vector.cpp">
      <Filter>sdk\math</Filter>
    </ClCompile>
    <ClCompile Include="main.cpp" />
    <ClCompile Include="sdk\helpers\modules.cpp">
      <Filter>sdk\helpers</Filter>
    </ClCompile>
    <ClCompile Include="hooks\functions\CreateMove.cpp">
      <Filter>hooks\functions</Filter>
    </ClCompile>
    <ClCompile Include="hooks\functions\FrameStageNotify.cpp">
      <Filter>hooks\functions</Filter>
    </ClCompile>
    <ClCompile Include="hooks\functions\OnRemoveEntity.cpp">
      <Filter>hooks\functions</Filter>
    </ClCompile>
    <ClCompile Include="thirdparty\ImGui\imgui.cpp">
      <Filter>thirdparty\imgui</Filter>
    </ClCompile>
    <ClCompile Include="thirdparty\ImGui\imgui_demo.cpp">
      <Filter>thirdparty\imgui</Filter>
    </ClCompile>
    <ClCompile Include="thirdparty\ImGui\imgui_draw.cpp">
      <Filter>thirdparty\imgui</Filter>
    </ClCompile>
    <ClCompile Include="thirdparty\ImGui\backends\imgui_impl_dx11.cpp">
      <Filter>thirdparty\imgui</Filter>
    </ClCompile>
    <ClCompile Include="thirdparty\ImGui\backends\imgui_impl_win32.cpp">
      <Filter>thirdparty\imgui</Filter>
    </ClCompile>
    <ClCompile Include="thirdparty\ImGui\imgui_tables.cpp">
      <Filter>thirdparty\imgui</Filter>
    </ClCompile>
    <ClCompile Include="thirdparty\ImGui\imgui_widgets.cpp">
      <Filter>thirdparty\imgui</Filter>
    </ClCompile>
    <ClCompile Include="settings\settings.cpp">
      <Filter>settings</Filter>
    </ClCompile>
    <ClCompile Include="hooks\functions\Present.cpp">
      <Filter>hooks\functions</Filter>
    </ClCompile>
    <ClCompile Include="hooks\functions\WinProc.cpp">
      <Filter>hooks\functions</Filter>
    </ClCompile>
    <ClCompile Include="sdk\helpers\entity_data.cpp">
      <Filter>sdk\helpers</Filter>
    </ClCompile>
    <ClCompile Include="sdk\classes\CCSPlayerController.cpp">
      <Filter>sdk\classes</Filter>
    </ClCompile>
    <ClCompile Include="features\esp.cpp">
      <Filter>features</Filter>
    </ClCompile>
    <ClCompile Include="sdk\helpers\globals.cpp" />
    <ClCompile Include="sdk\classes\CCSPlayerPawn.cpp" />
    <ClCompile Include="render\render.cpp" />
    <ClCompile Include="sdk\hooking\shadow_vmt\ShadowVMT.cpp" />
    <ClCompile Include="sdk\math\QAngle.cpp" />
    <ClCompile Include="sdk\helpers\interfaces.cpp" />
    <ClCompile Include="sdk\hooking\safetyhook\safetyhook.cpp" />
    <ClCompile Include="sdk\hooking\safetyhook\Zydis.c" />
    <ClCompile Include="hooks\functions\GetMatricesForView.cpp" />
    <ClCompile Include="hooks\functions\GetFov.cpp" />
    <ClCompile Include="features\aimbot.cpp" />
    <ClCompile Include="sdk\classes\CHandle.cpp" />
    <ClCompile Include="sdk\interfaces\CGameTrace.cpp" />
    <ClCompile Include="sdk\helpers\notify_system.cpp" />
    <ClCompile Include="sdk\helpers\matrix.cpp" />
    <ClCompile Include="render\menu.cpp" />
    <ClCompile Include="render\imgui_custom.cpp" />
    <ClCompile Include="thirdparty\ImGui\imgui_freetype.cpp" />
  </ItemGroup>
  <ItemGroup>
    <Library Include="libs\freetype.lib" />
  </ItemGroup>
</Project>